<?xml version="1.0" encoding="utf-8"?>
<Project ToolsVersion="4.0" xmlns="http://schemas.microsoft.com/developer/msbuild/2003">
  <ItemGroup>
    <Filter Include="Source Files">
      <UniqueIdentifier>{4FC737F1-C7A5-4376-A066-2A32D752A2FF}</UniqueIdentifier>
      <Extensions>cpp;c;cc;cxx;def;odl;idl;hpj;bat;asm;asmx</Extensions>
    </Filter>
    <Filter Include="Header Files">
      <UniqueIdentifier>{93995380-89BD-4b04-88EB-625FBE52EBFB}</UniqueIdentifier>
      <Extensions>h;hpp;hxx;hm;inl;inc;xsd</Extensions>
    </Filter>
    <Filter Include="Resource Files">
      <UniqueIdentifier>{67DA6AB6-F800-4c08-8B7A-83BB121AAD01}</UniqueIdentifier>
      <Extensions>rc;ico;cur;bmp;dlg;rc2;rct;bin;rgs;gif;jpg;jpeg;jpe;resx;tiff;tif;png;wav;mfcribbon-ms</Extensions>
    </Filter>
  </ItemGroup>
  <ItemGroup>
    <ClCompile Include="main.cpp">
      <Filter>Source Files</Filter>
    </ClCompile>
    <ClCompile Include="duk_test_util.cpp">
      <Filter>Source Files</Filter>
    </ClCompile>
    <ClCompile Include="test-bufferobject-example-1.cpp">
      <Filter>Source Files</Filter>
    </ClCompile>
    <ClCompile Include="test-bufferobject-dynamic-safety.cpp">
      <Filter>Source Files</Filter>
    </ClCompile>
    <ClCompile Include="test-bufferobject-initial.cpp">
      <Filter>Source Files</Filter>
    </ClCompile>
    <ClCompile Include="test-bug-is-fixed-dynamic-buffer-nullptr.cpp">
      <Filter>Source Files</Filter>
    </ClCompile>
    <ClCompile Include="test-bug-is-primitive-invalid-index-gh337.cpp">
      <Filter>Source Files</Filter>
    </ClCompile>
    <ClCompile Include="run_tests.cpp">
      <Filter>Source Files</Filter>
    </ClCompile>
    <ClCompile Include="test-bug-object-binding-proxy.cpp">
      <Filter>Source Files</Filter>
    </ClCompile>
    <ClCompile Include="test-bug-peval-pcompile-nofile.cpp">
      <Filter>Source Files</Filter>
    </ClCompile>
    <ClCompile Include="test-call-method.cpp">
      <Filter>Source Files</Filter>
    </ClCompile>
    <ClCompile Include="test-call-prop.cpp">
      <Filter>Source Files</Filter>
    </ClCompile>
    <ClCompile Include="test-c-constructor.cpp">
      <Filter>Source Files</Filter>
    </ClCompile>
    <ClCompile Include="test-charcodeat.cpp">
      <Filter>Source Files</Filter>
    </ClCompile>
    <ClCompile Include="test-check-require-stack.cpp">
      <Filter>Source Files</Filter>
    </ClCompile>
    <ClCompile Include="test-check-require-stack-top.cpp">
      <Filter>Source Files</Filter>
    </ClCompile>
    <ClCompile Include="test-check-type.cpp">
      <Filter>Source Files</Filter>
    </ClCompile>
    <ClCompile Include="test-check-type-mask.cpp">
      <Filter>Source Files</Filter>
    </ClCompile>
    <ClCompile Include="test-compact.cpp">
      <Filter>Source Files</Filter>
    </ClCompile>
    <ClCompile Include="test-compile.cpp">
      <Filter>Source Files</Filter>
    </ClCompile>
    <ClCompile Include="test-compile-file.cpp">
      <Filter>Source Files</Filter>
    </ClCompile>
    <ClCompile Include="test-compile-string.cpp">
      <Filter>Source Files</Filter>
    </ClCompile>
    <ClCompile Include="test-dev-cmodule-guide.cpp">
      <Filter>Source Files</Filter>
    </ClCompile>
    <ClCompile Include="test-dev-error-fileline-blame-gh455.cpp">
      <Filter>Source Files</Filter>
    </ClCompile>
    <ClCompile Include="test-dev-finalizer-rerun.cpp">
      <Filter>Source Files</Filter>
    </ClCompile>
    <ClCompile Include="test-dev-finalizer-rescue-unwind.cpp">
      <Filter>Source Files</Filter>
    </ClCompile>
    <ClCompile Include="test-dev-func-tostring.cpp">
      <Filter>Source Files</Filter>
    </ClCompile>
    <ClCompile Include="test-dev-internal-key-access.cpp">
      <Filter>Source Files</Filter>
    </ClCompile>
    <ClCompile Include="test-dev-internal-property-basics.cpp">
      <Filter>Source Files</Filter>
    </ClCompile>
    <ClCompile Include="test-dev-lightfunc.cpp">
      <Filter>Source Files</Filter>
    </ClCompile>
    <ClCompile Include="test-dev-lightfunc-toobject-varargs.cpp">
      <Filter>Source Files</Filter>
    </ClCompile>
    <ClCompile Include="test-dev-prototype-loop.cpp">
      <Filter>Source Files</Filter>
    </ClCompile>
    <ClCompile Include="test-dev-return-types.cpp">
      <Filter>Source Files</Filter>
    </ClCompile>
    <ClCompile Include="test-dev-rom-builtins-1.cpp">
      <Filter>Source Files</Filter>
    </ClCompile>
    <ClCompile Include="test-dev-valstack-checked-size-call.cpp">
      <Filter>Source Files</Filter>
    </ClCompile>
    <ClCompile Include="test-eval-file.cpp">
      <Filter>Source Files</Filter>
    </ClCompile>
    <ClCompile Include="test-error.cpp">
      <Filter>Source Files</Filter>
    </ClCompile>
    <ClCompile Include="test-errhandler.cpp">
      <Filter>Source Files</Filter>
    </ClCompile>
    <ClCompile Include="test-equals-strict-equals.cpp">
      <Filter>Source Files</Filter>
    </ClCompile>
    <ClCompile Include="test-enum.cpp">
      <Filter>Source Files</Filter>
    </ClCompile>
    <ClCompile Include="test-external-buffer.cpp">
      <Filter>Source Files</Filter>
    </ClCompile>
    <ClCompile Include="test-eval.cpp">
      <Filter>Source Files</Filter>
    </ClCompile>
    <ClCompile Include="test-eval-this-binding.cpp">
      <Filter>Source Files</Filter>
    </ClCompile>
    <ClCompile Include="test-eval-string.cpp">
      <Filter>Source Files</Filter>
    </ClCompile>
    <ClCompile Include="test-eval-strictness.cpp">
      <Filter>Source Files</Filter>
    </ClCompile>
    <ClCompile Include="test-get-buffer.cpp">
      <Filter>Source Files</Filter>
    </ClCompile>
    <ClCompile Include="test-push-buffer-object.cpp">
      <Filter>Source Files</Filter>
    </ClCompile>
    <ClCompile Include="test-trim.cpp">
      <Filter>Source Files</Filter>
    </ClCompile>
    <ClCompile Include="test-has-prop.cpp">
      <Filter>Source Files</Filter>
    </ClCompile>
    <ClCompile Include="test-heap-lifecycle-basic.cpp">
      <Filter>Source Files</Filter>
    </ClCompile>
    <ClCompile Include="test-heap-stash.cpp">
      <Filter>Source Files</Filter>
    </ClCompile>
    <ClCompile Include="test-hello-world.cpp">
      <Filter>Source Files</Filter>
    </ClCompile>
    <ClCompile Include="test-hex.cpp">
      <Filter>Source Files</Filter>
    </ClCompile>
    <ClCompile Include="test-indirect-eval.cpp">
      <Filter>Source Files</Filter>
    </ClCompile>
    <ClCompile Include="test-insert.cpp">
      <Filter>Source Files</Filter>
    </ClCompile>
    <ClCompile Include="test-instanceof.cpp">
      <Filter>Source Files</Filter>
    </ClCompile>
    <ClCompile Include="test-is-calls.cpp">
      <Filter>Source Files</Filter>
    </ClCompile>
    <ClCompile Include="test-is-constructor-call.cpp">
      <Filter>Source Files</Filter>
    </ClCompile>
    <ClCompile Include="test-is-strict.cpp">
      <Filter>Source Files</Filter>
    </ClCompile>
    <ClCompile Include="test-join.cpp">
      <Filter>Source Files</Filter>
    </ClCompile>
    <ClCompile Include="test-json.cpp">
      <Filter>Source Files</Filter>
    </ClCompile>
    <ClCompile Include="test-json-fastpath.cpp">
      <Filter>Source Files</Filter>
    </ClCompile>
    <ClCompile Include="test-logging.cpp">
      <Filter>Source Files</Filter>
    </ClCompile>
    <ClCompile Include="test-magic-modify-during-call.cpp">
      <Filter>Source Files</Filter>
    </ClCompile>
    <ClCompile Include="test-map-string.cpp">
      <Filter>Source Files</Filter>
    </ClCompile>
    <ClCompile Include="test-memory-funcs.cpp">
      <Filter>Source Files</Filter>
    </ClCompile>
    <ClCompile Include="test-normalize-index.cpp">
      <Filter>Source Files</Filter>
    </ClCompile>
    <ClCompile Include="test-pcall.cpp">
      <Filter>Source Files</Filter>
    </ClCompile>
    <ClCompile Include="test-pcall-method.cpp">
      <Filter>Source Files</Filter>
    </ClCompile>
    <ClCompile Include="test-pcall-prop.cpp">
      <Filter>Source Files</Filter>
    </ClCompile>
    <ClCompile Include="test-poppers.cpp">
      <Filter>Source Files</Filter>
    </ClCompile>
    <ClCompile Include="test-print-replacement.cpp">
      <Filter>Source Files</Filter>
    </ClCompile>
    <ClCompile Include="test-proxy-basic.cpp">
      <Filter>Source Files</Filter>
    </ClCompile>
    <ClCompile Include="test-push-array.cpp">
      <Filter>Source Files</Filter>
    </ClCompile>
    <ClCompile Include="test-push-buffer.cpp">
      <Filter>Source Files</Filter>
    </ClCompile>
    <ClCompile Include="test-push-cfunc.cpp">
      <Filter>Source Files</Filter>
    </ClCompile>
    <ClCompile Include="test-push-current-function.cpp">
      <Filter>Source Files</Filter>
    </ClCompile>
    <ClCompile Include="test-push-duktape-buffer.cpp">
      <Filter>Source Files</Filter>
    </ClCompile>
    <ClCompile Include="test-push-error-object.cpp">
      <Filter>Source Files</Filter>
    </ClCompile>
    <ClCompile Include="test-pushers.cpp">
      <Filter>Source Files</Filter>
    </ClCompile>
    <ClCompile Include="test-push-global.cpp">
      <Filter>Source Files</Filter>
    </ClCompile>
    <ClCompile Include="test-push-object.cpp">
      <Filter>Source Files</Filter>
    </ClCompile>
    <ClCompile Include="test-push-sprintf.cpp">
      <Filter>Source Files</Filter>
    </ClCompile>
    <ClCompile Include="test-push-this.cpp">
      <Filter>Source Files</Filter>
    </ClCompile>
    <ClCompile Include="test-push-thread.cpp">
      <Filter>Source Files</Filter>
    </ClCompile>
    <ClCompile Include="test-push-vsprintf.cpp">
      <Filter>Source Files</Filter>
    </ClCompile>
    <ClCompile Include="test-put-func-num-list.cpp">
      <Filter>Source Files</Filter>
    </ClCompile>
    <ClCompile Include="test-put-global-string.cpp">
      <Filter>Source Files</Filter>
    </ClCompile>
    <ClCompile Include="test-put-prop.cpp">
      <Filter>Source Files</Filter>
    </ClCompile>
    <ClCompile Include="test-put-prop-primbase.cpp">
      <Filter>Source Files</Filter>
    </ClCompile>
    <ClCompile Include="test-remove.cpp">
      <Filter>Source Files</Filter>
    </ClCompile>
    <ClCompile Include="test-replace.cpp">
      <Filter>Source Files</Filter>
    </ClCompile>
    <ClCompile Include="test-require-boolean.cpp">
      <Filter>Source Files</Filter>
    </ClCompile>
    <ClCompile Include="test-require-buffer.cpp">
      <Filter>Source Files</Filter>
    </ClCompile>
    <ClCompile Include="test-require-buffer-data.cpp">
      <Filter>Source Files</Filter>
    </ClCompile>
    <ClCompile Include="test-require-c-function.cpp">
      <Filter>Source Files</Filter>
    </ClCompile>
    <ClCompile Include="test-require-context.cpp">
      <Filter>Source Files</Filter>
    </ClCompile>
    <ClCompile Include="test-require-int.cpp">
      <Filter>Source Files</Filter>
    </ClCompile>
    <ClCompile Include="test-require-lstring.cpp">
      <Filter>Source Files</Filter>
    </ClCompile>
    <ClCompile Include="test-require-null.cpp">
      <Filter>Source Files</Filter>
    </ClCompile>
    <ClCompile Include="test-require-number.cpp">
      <Filter>Source Files</Filter>
    </ClCompile>
    <ClCompile Include="test-require-pointer.cpp">
      <Filter>Source Files</Filter>
    </ClCompile>
    <ClCompile Include="test-require-string.cpp">
      <Filter>Source Files</Filter>
    </ClCompile>
    <ClCompile Include="test-require-undefined.cpp">
      <Filter>Source Files</Filter>
    </ClCompile>
    <ClCompile Include="test-resize-buffer.cpp">
      <Filter>Source Files</Filter>
    </ClCompile>
    <ClCompile Include="test-safe-call.cpp">
      <Filter>Source Files</Filter>
    </ClCompile>
    <ClCompile Include="test-safe-to-string.cpp">
      <Filter>Source Files</Filter>
    </ClCompile>
    <ClCompile Include="test-set-global-object.cpp">
      <Filter>Source Files</Filter>
    </ClCompile>
    <ClCompile Include="test-steal-buffer.cpp">
      <Filter>Source Files</Filter>
    </ClCompile>
    <ClCompile Include="test-substring.cpp">
      <Filter>Source Files</Filter>
    </ClCompile>
    <ClCompile Include="test-swap.cpp">
      <Filter>Source Files</Filter>
    </ClCompile>
    <ClCompile Include="test-thread-stash.cpp">
      <Filter>Source Files</Filter>
    </ClCompile>
    <ClCompile Include="test-throw.cpp">
      <Filter>Source Files</Filter>
    </ClCompile>
    <ClCompile Include="test-to-boolean.cpp">
      <Filter>Source Files</Filter>
    </ClCompile>
    <ClCompile Include="test-to-buffer.cpp">
      <Filter>Source Files</Filter>
    </ClCompile>
    <ClCompile Include="test-to-defaultvalue.cpp">
      <Filter>Source Files</Filter>
    </ClCompile>
    <ClCompile Include="test-to-fixed-dynamic-buffer.cpp">
      <Filter>Source Files</Filter>
    </ClCompile>
    <ClCompile Include="test-to-int32-uint32-uint16.cpp">
      <Filter>Source Files</Filter>
    </ClCompile>
    <ClCompile Include="test-to-int-uint.cpp">
      <Filter>Source Files</Filter>
    </ClCompile>
    <ClCompile Include="test-to-lstring.cpp">
      <Filter>Source Files</Filter>
    </ClCompile>
    <ClCompile Include="test-to-null.cpp">
      <Filter>Source Files</Filter>
    </ClCompile>
    <ClCompile Include="test-to-number.cpp">
      <Filter>Source Files</Filter>
    </ClCompile>
    <ClCompile Include="test-to-object.cpp">
      <Filter>Source Files</Filter>
    </ClCompile>
    <ClCompile Include="test-to-pointer.cpp">
      <Filter>Source Files</Filter>
    </ClCompile>
    <ClCompile Include="test-to-primitive.cpp">
      <Filter>Source Files</Filter>
    </ClCompile>
    <ClCompile Include="test-to-string.cpp">
      <Filter>Source Files</Filter>
    </ClCompile>
    <ClCompile Include="test-to-undefined.cpp">
      <Filter>Source Files</Filter>
    </ClCompile>
    <ClCompile Include="test-typedarray-set-overlap.cpp">
      <Filter>Source Files</Filter>
    </ClCompile>
    <ClCompile Include="test-types.cpp">
      <Filter>Source Files</Filter>
    </ClCompile>
    <ClCompile Include="test-validate-index.cpp">
      <Filter>Source Files</Filter>
    </ClCompile>
    <ClCompile Include="test-xcopy-xmove.cpp">
      <Filter>Source Files</Filter>
    </ClCompile>
  </ItemGroup>
  <ItemGroup>
    <ClInclude Include="duk_config.h">
      <Filter>Header Files</Filter>
    </ClInclude>
    <ClInclude Include="duktape.h">
      <Filter>Header Files</Filter>
    </ClInclude>
    <ClInclude Include="duk_test_util.h">
      <Filter>Header Files</Filter>
    </ClInclude>
  </ItemGroup>
</Project>